
Microsoft Visual Studio Solution File, Format Version 12.00
# Visual Studio Version 17
VisualStudioVersion = 17.5.33414.496
MinimumVisualStudioVersion = 10.0.40219.1
Project("{FAE04EC0-301F-11D3-BF4B-00C04F79EFBC}") = "CSC.DigitalServer.API", "CSC.DigitalServer.API\CSC.DigitalServer.API.csproj", "{345F7F2D-E4AF-4314-A8C4-1FBFFD1A1633}"
EndProject
Project("{FAE04EC0-301F-11D3-BF4B-00C04F79EFBC}") = "CSC.DigitalServer.Core", "CSC.DigitalServer.Core\CSC.DigitalServer.Core.csproj", "{562D39FB-DF21-4422-846F-D678CF4737C6}"
EndProject
Project("{FAE04EC0-301F-11D3-BF4B-00C04F79EFBC}") = "CSC.DigitalServer.Services", "CSC.DigitalServer.Services\CSC.DigitalServer.Services.csproj", "{66BFB721-76D0-4138-8A41-5EADB7046ED9}"
EndProject
Global
	GlobalSection(SolutionConfigurationPlatforms) = preSolution
		Debug|Any CPU = Debug|Any CPU
		Release|Any CPU = Release|Any CPU
	EndGlobalSection
	GlobalSection(ProjectConfigurationPlatforms) = postSolution
		{345F7F2D-E4AF-4314-A8C4-1FBFFD1A1633}.Debug|Any CPU.ActiveCfg = Debug|Any CPU
		{345F7F2D-E4AF-4314-A8C4-1FBFFD1A1633}.Debug|Any CPU.Build.0 = Debug|Any CPU
		{345F7F2D-E4AF-4314-A8C4-1FBFFD1A1633}.Release|Any CPU.ActiveCfg = Release|Any CPU
		{345F7F2D-E4AF-4314-A8C4-1FBFFD1A1633}.Release|Any CPU.Build.0 = Release|Any CPU
		{562D39FB-DF21-4422-846F-D678CF4737C6}.Debug|Any CPU.ActiveCfg = Debug|Any CPU
		{562D39FB-DF21-4422-846F-D678CF4737C6}.Debug|Any CPU.Build.0 = Debug|Any CPU
		{562D39FB-DF21-4422-846F-D678CF4737C6}.Release|Any CPU.ActiveCfg = Release|Any CPU
		{562D39FB-DF21-4422-846F-D678CF4737C6}.Release|Any CPU.Build.0 = Release|Any CPU
		{66BFB721-76D0-4138-8A41-5EADB7046ED9}.Debug|Any CPU.ActiveCfg = Debug|Any CPU
		{66BFB721-76D0-4138-8A41-5EADB7046ED9}.Debug|Any CPU.Build.0 = Debug|Any CPU
		{66BFB721-76D0-4138-8A41-5EADB7046ED9}.Release|Any CPU.ActiveCfg = Release|Any CPU
		{66BFB721-76D0-4138-8A41-5EADB7046ED9}.Release|Any CPU.Build.0 = Release|Any CPU
	EndGlobalSection
	GlobalSection(SolutionProperties) = preSolution
		HideSolutionNode = FALSE
	EndGlobalSection
	GlobalSection(ExtensibilityGlobals) = postSolution
		SolutionGuid = {30BA54E4-0489-43EE-A980-D9C3810E97D4}
	EndGlobalSection
EndGlobal
